# THIS IS AN AUTOGENERATED FILE. DO NOT EDIT THIS FILE DIRECTLY.
# yarn lockfile v1


"@sinonjs/commons@^1.6.0", "@sinonjs/commons@^1.7.0", "@sinonjs/commons@^1.8.3":
  version "1.8.3"
  resolved "https://registry.npm.taobao.org/@sinonjs/commons/download/@sinonjs/commons-1.8.3.tgz?cache=0&sync_timestamp=1617868404624&other_urls=https%3A%2F%2Fregistry.npm.taobao.org%2F%40sinonjs%2Fcommons%2Fdownload%2F%40sinonjs%2Fcommons-1.8.3.tgz#3802ddd21a50a949b6721ddd72da36e67e7f1b2d"
  integrity sha1-OALd0hpQqUm2ch3dcto25n5/Gy0=
  dependencies:
    type-detect "4.0.8"

"@sinonjs/fake-timers@^7.0.4", "@sinonjs/fake-timers@^7.1.0":
  version "7.1.2"
  resolved "https://registry.npmmirror.com/@sinonjs/fake-timers/download/@sinonjs/fake-timers-7.1.2.tgz?cache=0&sync_timestamp=1635949916472&other_urls=https%3A%2F%2Fregistry.npmmirror.com%2F%40sinonjs%2Ffake-timers%2Fdownload%2F%40sinonjs%2Ffake-timers-7.1.2.tgz#2524eae70c4910edccf99b2f4e6efc5894aff7b5"
  integrity sha1-JSTq5wxJEO3M+ZsvTm78WJSv97U=
  dependencies:
    "@sinonjs/commons" "^1.7.0"

"@sinonjs/fake-timers@^8.1.0":
  version "8.1.0"
  resolved "https://registry.npmmirror.com/@sinonjs/fake-timers/download/@sinonjs/fake-timers-8.1.0.tgz?cache=0&sync_timestamp=1635949916472&other_urls=https%3A%2F%2Fregistry.npmmirror.com%2F%40sinonjs%2Ffake-timers%2Fdownload%2F%40sinonjs%2Ffake-timers-8.1.0.tgz#3fdc2b6cb58935b21bfb8d1625eb1300484316e7"
  integrity sha1-P9wrbLWJNbIb+40WJesTAEhDFuc=
  dependencies:
    "@sinonjs/commons" "^1.7.0"

"@sinonjs/samsam@^6.0.2":
  version "6.0.2"
  resolved "https://registry.nlark.com/@sinonjs/samsam/download/@sinonjs/samsam-6.0.2.tgz#a0117d823260f282c04bff5f8704bdc2ac6910bb"
  integrity sha1-oBF9gjJg8oLAS/9fhwS9wqxpELs=
  dependencies:
    "@sinonjs/commons" "^1.6.0"
    lodash.get "^4.4.2"
    type-detect "^4.0.8"

"@sinonjs/text-encoding@^0.7.1":
  version "0.7.1"
  resolved "https://registry.npm.taobao.org/@sinonjs/text-encoding/download/@sinonjs/text-encoding-0.7.1.tgz#8da5c6530915653f3a1f38fd5f101d8c3f8079c5"
  integrity sha1-jaXGUwkVZT86Hzj9XxAdjD+AecU=

"@types/chai@*", "@types/chai@^4.2.22":
  version "4.2.22"
  resolved "https://registry.nlark.com/@types/chai/download/@types/chai-4.2.22.tgz?cache=0&other_urls=https%3A%2F%2Fregistry.nlark.com%2F%40types%2Fchai%2Fdownload%2F%40types%2Fchai-4.2.22.tgz#47020d7e4cf19194d43b5202f35f75bd2ad35ce7"
  integrity sha1-RwINfkzxkZTUO1IC8191vSrTXOc=

"@types/sinon-chai@^3.2.5":
  version "3.2.5"
  resolved "https://registry.nlark.com/@types/sinon-chai/download/@types/sinon-chai-3.2.5.tgz#df21ae57b10757da0b26f512145c065f2ad45c48"
  integrity sha1-3yGuV7EHV9oLJvUSFFwGXyrUXEg=
  dependencies:
    "@types/chai" "*"
    "@types/sinon" "*"

"@types/sinon@*", "@types/sinon@^10.0.6":
  version "10.0.6"
  resolved "https://registry.npmmirror.com/@types/sinon/download/@types/sinon-10.0.6.tgz#bc3faff5154e6ecb69b797d311b7cf0c1b523a1d"
  integrity sha1-vD+v9RVObstpt5fTEbfPDBtSOh0=
  dependencies:
    "@sinonjs/fake-timers" "^7.1.0"

assertion-error@^1.1.0:
  version "1.1.0"
  resolved "https://registry.npmmirror.com/assertion-error/download/assertion-error-1.1.0.tgz#e60b6b0e8f301bd97e5375215bda406c85118c0b"
  integrity sha1-5gtrDo8wG9l+U3UhW9pAbIURjAs=

chai@^4.3.4:
  version "4.3.4"
  resolved "https://registry.npm.taobao.org/chai/download/chai-4.3.4.tgz?cache=0&sync_timestamp=1615568285172&other_urls=https%3A%2F%2Fregistry.npm.taobao.org%2Fchai%2Fdownload%2Fchai-4.3.4.tgz#b55e655b31e1eac7099be4c08c21964fce2e6c49"
  integrity sha1-tV5lWzHh6scJm+TAjCGWT84ubEk=
  dependencies:
    assertion-error "^1.1.0"
    check-error "^1.0.2"
    deep-eql "^3.0.1"
    get-func-name "^2.0.0"
    pathval "^1.1.1"
    type-detect "^4.0.5"

check-error@^1.0.2:
  version "1.0.2"
  resolved "https://registry.nlark.com/check-error/download/check-error-1.0.2.tgz#574d312edd88bb5dd8912e9286dd6c0aed4aac82"
  integrity sha1-V00xLt2Iu13YkS6Sht1sCu1KrII=

deep-eql@^3.0.1:
  version "3.0.1"
  resolved "https://registry.npm.taobao.org/deep-eql/download/deep-eql-3.0.1.tgz#dfc9404400ad1c8fe023e7da1df1c147c4b444df"
  integrity sha1-38lARACtHI/gI+faHfHBR8S0RN8=
  dependencies:
    type-detect "^4.0.0"

diff@^5.0.0:
  version "5.0.0"
  resolved "https://registry.nlark.com/diff/download/diff-5.0.0.tgz?cache=0&sync_timestamp=1622685824253&other_urls=https%3A%2F%2Fregistry.nlark.com%2Fdiff%2Fdownload%2Fdiff-5.0.0.tgz#7ed6ad76d859d030787ec35855f5b1daf31d852b"
  integrity sha1-ftatdthZ0DB4fsNYVfWx2vMdhSs=

get-func-name@^2.0.0:
  version "2.0.0"
  resolved "https://registry.npm.taobao.org/get-func-name/download/get-func-name-2.0.0.tgz#ead774abee72e20409433a066366023dd6887a41"
  integrity sha1-6td0q+5y4gQJQzoGY2YCPdaIekE=

has-flag@^4.0.0:
  version "4.0.0"
  resolved "https://registry.nlark.com/has-flag/download/has-flag-4.0.0.tgz#944771fd9c81c81265c4d6941860da06bb59479b"
  integrity sha1-lEdx/ZyByBJlxNaUGGDaBrtZR5s=

isarray@0.0.1:
  version "0.0.1"
  resolved "https://registry.npm.taobao.org/isarray/download/isarray-0.0.1.tgz#8a18acfca9a8f4177e09abfc6038939b05d1eedf"
  integrity sha1-ihis/Kmo9Bd+Cav8YDiTmwXR7t8=

just-extend@^4.0.2:
  version "4.2.1"
  resolved "https://registry.npmmirror.com/just-extend/download/just-extend-4.2.1.tgz?cache=0&sync_timestamp=1636420355384&other_urls=https%3A%2F%2Fregistry.npmmirror.com%2Fjust-extend%2Fdownload%2Fjust-extend-4.2.1.tgz#ef5e589afb61e5d66b24eca749409a8939a8c744"
  integrity sha1-715Ymvth5dZrJOynSUCaiTmox0Q=

lodash.get@^4.4.2:
  version "4.4.2"
  resolved "https://registry.nlark.com/lodash.get/download/lodash.get-4.4.2.tgz#2d177f652fa31e939b4438d5341499dfa3825e99"
  integrity sha1-LRd/ZS+jHpObRDjVNBSZ36OCXpk=

nise@^5.1.0:
  version "5.1.0"
  resolved "https://registry.nlark.com/nise/download/nise-5.1.0.tgz?cache=0&other_urls=https%3A%2F%2Fregistry.nlark.com%2Fnise%2Fdownload%2Fnise-5.1.0.tgz#713ef3ed138252daef20ec035ab62b7a28be645c"
  integrity sha1-cT7z7ROCUtrvIOwDWrYreii+ZFw=
  dependencies:
    "@sinonjs/commons" "^1.7.0"
    "@sinonjs/fake-timers" "^7.0.4"
    "@sinonjs/text-encoding" "^0.7.1"
    just-extend "^4.0.2"
    path-to-regexp "^1.7.0"

path-to-regexp@^1.7.0:
  version "1.8.0"
  resolved "https://registry.npm.taobao.org/path-to-regexp/download/path-to-regexp-1.8.0.tgz#887b3ba9d84393e87a0a0b9f4cb756198b53548a"
  integrity sha1-iHs7qdhDk+h6CgufTLdWGYtTVIo=
  dependencies:
    isarray "0.0.1"

pathval@^1.1.1:
  version "1.1.1"
  resolved "https://registry.npm.taobao.org/pathval/download/pathval-1.1.1.tgz#8534e77a77ce7ac5a2512ea21e0fdb8fcf6c3d8d"
  integrity sha1-hTTnenfOesWiUS6iHg/bj89sPY0=

sinon-chai@^3.7.0:
  version "3.7.0"
  resolved "https://registry.nlark.com/sinon-chai/download/sinon-chai-3.7.0.tgz?cache=0&sync_timestamp=1621943503575&other_urls=https%3A%2F%2Fregistry.nlark.com%2Fsinon-chai%2Fdownload%2Fsinon-chai-3.7.0.tgz#cfb7dec1c50990ed18c153f1840721cf13139783"
  integrity sha1-z7fewcUJkO0YwVPxhAchzxMTl4M=

sinon@^12.0.1:
  version "12.0.1"
  resolved "https://registry.npmmirror.com/sinon/download/sinon-12.0.1.tgz?cache=0&sync_timestamp=1636040820762&other_urls=https%3A%2F%2Fregistry.npmmirror.com%2Fsinon%2Fdownload%2Fsinon-12.0.1.tgz#331eef87298752e1b88a662b699f98e403c859e9"
  integrity sha1-Mx7vhymHUuG4imYraZ+Y5APIWek=
  dependencies:
    "@sinonjs/commons" "^1.8.3"
    "@sinonjs/fake-timers" "^8.1.0"
    "@sinonjs/samsam" "^6.0.2"
    diff "^5.0.0"
    nise "^5.1.0"
    supports-color "^7.2.0"

supports-color@^7.2.0:
  version "7.2.0"
  resolved "https://registry.nlark.com/supports-color/download/supports-color-7.2.0.tgz?cache=0&sync_timestamp=1626703414084&other_urls=https%3A%2F%2Fregistry.nlark.com%2Fsupports-color%2Fdownload%2Fsupports-color-7.2.0.tgz#1b7dcdcb32b8138801b3e478ba6a51caa89648da"
  integrity sha1-G33NyzK4E4gBs+R4umpRyqiWSNo=
  dependencies:
    has-flag "^4.0.0"

type-detect@4.0.8, type-detect@^4.0.0, type-detect@^4.0.5, type-detect@^4.0.8:
  version "4.0.8"
  resolved "https://registry.npm.taobao.org/type-detect/download/type-detect-4.0.8.tgz#7646fb5f18871cfbb7749e69bd39a6388eb7450c"
  integrity sha1-dkb7XxiHHPu3dJ5pvTmmOI63RQw=

typescript@^4.4.4:
  version "4.4.4"
  resolved "https://registry.npmmirror.com/typescript/download/typescript-4.4.4.tgz?cache=0&sync_timestamp=1636528951347&other_urls=https%3A%2F%2Fregistry.npmmirror.com%2Ftypescript%2Fdownload%2Ftypescript-4.4.4.tgz#2cd01a1a1f160704d3101fd5a58ff0f9fcb8030c"
  integrity sha1-LNAaGh8WBwTTEB/VpY/w+fy4Aww=
